// !$*UTF8*$!
{
	archiveVersion = 1;
	classes = {
	};
	objectVersion = 56;
	objects = {

/* Begin PBXBuildFile section */
		05B19CE02A5255A600BFC721 /* CrizzleCameraApp.swift in Sources */ = {isa = PBXBuildFile; fileRef = 05B19CDF2A5255A600BFC721 /* CrizzleCameraApp.swift */; };
		05B19CE42A5255A700BFC721 /* Assets.xcassets in Resources */ = {isa = PBXBuildFile; fileRef = 05B19CE32A5255A700BFC721 /* Assets.xcassets */; };
		05B19CE72A5255A700BFC721 /* Preview Assets.xcassets in Resources */ = {isa = PBXBuildFile; fileRef = 05B19CE62A5255A700BFC721 /* Preview Assets.xcassets */; };
		05B19CE92A5255A700BFC721 /* Persistence.swift in Sources */ = {isa = PBXBuildFile; fileRef = 05B19CE82A5255A700BFC721 /* Persistence.swift */; };
		05B19CEC2A5255A700BFC721 /* CrizzleCamera.xcdatamodeld in Sources */ = {isa = PBXBuildFile; fileRef = 05B19CEA2A5255A700BFC721 /* CrizzleCamera.xcdatamodeld */; };
		05B19CF62A5255A700BFC721 /* CrizzleCameraTests.swift in Sources */ = {isa = PBXBuildFile; fileRef = 05B19CF52A5255A700BFC721 /* CrizzleCameraTests.swift */; };
		05B19D002A5255A700BFC721 /* CrizzleCameraUITests.swift in Sources */ = {isa = PBXBuildFile; fileRef = 05B19CFF2A5255A700BFC721 /* CrizzleCameraUITests.swift */; };
		05B19D022A5255A700BFC721 /* CrizzleCameraUITestsLaunchTests.swift in Sources */ = {isa = PBXBuildFile; fileRef = 05B19D012A5255A700BFC721 /* CrizzleCameraUITestsLaunchTests.swift */; };
		05B19D0F2A5255F400BFC721 /* CameraView.swift in Sources */ = {isa = PBXBuildFile; fileRef = 05B19D0E2A5255F400BFC721 /* CameraView.swift */; };
		05C47AEC2A55017100B9148D /* LandingPageView.swift in Sources */ = {isa = PBXBuildFile; fileRef = 05C47AEB2A55017100B9148D /* LandingPageView.swift */; };
		05C47AF02A550A7700B9148D /* ContentView.swift in Sources */ = {isa = PBXBuildFile; fileRef = 05C47AEF2A550A7700B9148D /* ContentView.swift */; };
/* End PBXBuildFile section */

/* Begin PBXContainerItemProxy section */
		05B19CF22A5255A700BFC721 /* PBXContainerItemProxy */ = {
			isa = PBXContainerItemProxy;
			containerPortal = 05B19CD42A5255A600BFC721 /* Project object */;
			proxyType = 1;
			remoteGlobalIDString = 05B19CDB2A5255A600BFC721;
			remoteInfo = CrizzleCamera;
		};
		05B19CFC2A5255A700BFC721 /* PBXContainerItemProxy */ = {
			isa = PBXContainerItemProxy;
			containerPortal = 05B19CD42A5255A600BFC721 /* Project object */;
			proxyType = 1;
			remoteGlobalIDString = 05B19CDB2A5255A600BFC721;
			remoteInfo = CrizzleCamera;
		};
/* End PBXContainerItemProxy section */

/* Begin PBXFileReference section */
		05B19CDC2A5255A600BFC721 /* CrizzleCamera.app */ = {isa = PBXFileReference; explicitFileType = wrapper.application; includeInIndex = 0; path = CrizzleCamera.app; sourceTree = BUILT_PRODUCTS_DIR; };
		05B19CDF2A5255A600BFC721 /* CrizzleCameraApp.swift */ = {isa = PBXFileReference; lastKnownFileType = sourcecode.swift; path = CrizzleCameraApp.swift; sourceTree = "<group>"; };
		05B19CE32A5255A700BFC721 /* Assets.xcassets */ = {isa = PBXFileReference; lastKnownFileType = folder.assetcatalog; path = Assets.xcassets; sourceTree = "<group>"; };
		05B19CE62A5255A700BFC721 /* Preview Assets.xcassets */ = {isa = PBXFileReference; lastKnownFileType = folder.assetcatalog; path = "Preview Assets.xcassets"; sourceTree = "<group>"; };
		05B19CE82A5255A700BFC721 /* Persistence.swift */ = {isa = PBXFileReference; lastKnownFileType = sourcecode.swift; path = Persistence.swift; sourceTree = "<group>"; };
		05B19CEB2A5255A700BFC721 /* CrizzleCamera.xcdatamodel */ = {isa = PBXFileReference; lastKnownFileType = wrapper.xcdatamodel; path = CrizzleCamera.xcdatamodel; sourceTree = "<group>"; };
		05B19CF12A5255A700BFC721 /* CrizzleCameraTests.xctest */ = {isa = PBXFileReference; explicitFileType = wrapper.cfbundle; includeInIndex = 0; path = CrizzleCameraTests.xctest; sourceTree = BUILT_PRODUCTS_DIR; };
		05B19CF52A5255A700BFC721 /* CrizzleCameraTests.swift */ = {isa = PBXFileReference; lastKnownFileType = sourcecode.swift; path = CrizzleCameraTests.swift; sourceTree = "<group>"; };
		05B19CFB2A5255A700BFC721 /* CrizzleCameraUITests.xctest */ = {isa = PBXFileReference; explicitFileType = wrapper.cfbundle; includeInIndex = 0; path = CrizzleCameraUITests.xctest; sourceTree = BUILT_PRODUCTS_DIR; };
		05B19CFF2A5255A700BFC721 /* CrizzleCameraUITests.swift */ = {isa = PBXFileReference; lastKnownFileType = sourcecode.swift; path = CrizzleCameraUITests.swift; sourceTree = "<group>"; };
		05B19D012A5255A700BFC721 /* CrizzleCameraUITestsLaunchTests.swift */ = {isa = PBXFileReference; lastKnownFileType = sourcecode.swift; path = CrizzleCameraUITestsLaunchTests.swift; sourceTree = "<group>"; };
		05B19D0E2A5255F400BFC721 /* CameraView.swift */ = {isa = PBXFileReference; lastKnownFileType = sourcecode.swift; path = CameraView.swift; sourceTree = "<group>"; };
		05C47AEB2A55017100B9148D /* LandingPageView.swift */ = {isa = PBXFileReference; lastKnownFileType = sourcecode.swift; path = LandingPageView.swift; sourceTree = "<group>"; };
		05C47AEF2A550A7700B9148D /* ContentView.swift */ = {isa = PBXFileReference; lastKnownFileType = sourcecode.swift; path = ContentView.swift; sourceTree = "<group>"; };
/* End PBXFileReference section */

/* Begin PBXFrameworksBuildPhase section */
		05B19CD92A5255A600BFC721 /* Frameworks */ = {
			isa = PBXFrameworksBuildPhase;
			buildActionMask = 2147483647;
			files = (
			);
			runOnlyForDeploymentPostprocessing = 0;
		};
		05B19CEE2A5255A700BFC721 /* Frameworks */ = {
			isa = PBXFrameworksBuildPhase;
			buildActionMask = 2147483647;
			files = (
			);
			runOnlyForDeploymentPostprocessing = 0;
		};
		05B19CF82A5255A700BFC721 /* Frameworks */ = {
			isa = PBXFrameworksBuildPhase;
			buildActionMask = 2147483647;
			files = (
			);
			runOnlyForDeploymentPostprocessing = 0;
		};
/* End PBXFrameworksBuildPhase section */

/* Begin PBXGroup section */
		05B19CD32A5255A600BFC721 = {
			isa = PBXGroup;
			children = (
				05B19CDE2A5255A600BFC721 /* CrizzleCamera */,
				05B19CF42A5255A700BFC721 /* CrizzleCameraTests */,
				05B19CFE2A5255A700BFC721 /* CrizzleCameraUITests */,
				05B19CDD2A5255A600BFC721 /* Products */,
			);
			sourceTree = "<group>";
		};
		05B19CDD2A5255A600BFC721 /* Products */ = {
			isa = PBXGroup;
			children = (
				05B19CDC2A5255A600BFC721 /* CrizzleCamera.app */,
				05B19CF12A5255A700BFC721 /* CrizzleCameraTests.xctest */,
				05B19CFB2A5255A700BFC721 /* CrizzleCameraUITests.xctest */,
			);
			name = Products;
			sourceTree = "<group>";
		};
		05B19CDE2A5255A600BFC721 /* CrizzleCamera */ = {
			isa = PBXGroup;
			children = (
				05C47AEB2A55017100B9148D /* LandingPageView.swift */,
				05B19CDF2A5255A600BFC721 /* CrizzleCameraApp.swift */,
				05B19D0E2A5255F400BFC721 /* CameraView.swift */,
				05C47AEF2A550A7700B9148D /* ContentView.swift */,
				05B19CE32A5255A700BFC721 /* Assets.xcassets */,
				05B19CE82A5255A700BFC721 /* Persistence.swift */,
				05B19CEA2A5255A700BFC721 /* CrizzleCamera.xcdatamodeld */,
				05B19CE52A5255A700BFC721 /* Preview Content */,
			);
			path = CrizzleCamera;
			sourceTree = "<group>";
		};
		05B19CE52A5255A700BFC721 /* Preview Content */ = {
			isa = PBXGroup;
			children = (
				05B19CE62A5255A700BFC721 /* Preview Assets.xcassets */,
			);
			path = "Preview Content";
			sourceTree = "<group>";
		};
		05B19CF42A5255A700BFC721 /* CrizzleCameraTests */ = {
			isa = PBXGroup;
			children = (
				05B19CF52A5255A700BFC721 /* CrizzleCameraTests.swift */,
			);
			path = CrizzleCameraTests;
			sourceTree = "<group>";
		};
		05B19CFE2A5255A700BFC721 /* CrizzleCameraUITests */ = {
			isa = PBXGroup;
			children = (
				05B19CFF2A5255A700BFC721 /* CrizzleCameraUITests.swift */,
				05B19D012A5255A700BFC721 /* CrizzleCameraUITestsLaunchTests.swift */,
			);
			path = CrizzleCameraUITests;
			sourceTree = "<group>";
		};
/* End PBXGroup section */

/* Begin PBXNativeTarget section */
		05B19CDB2A5255A600BFC721 /* CrizzleCamera */ = {
			isa = PBXNativeTarget;
			buildConfigurationList = 05B19D052A5255A700BFC721 /* Build configuration list for PBXNativeTarget "CrizzleCamera" */;
			buildPhases = (
				05B19CD82A5255A600BFC721 /* Sources */,
				05B19CD92A5255A600BFC721 /* Frameworks */,
				05B19CDA2A5255A600BFC721 /* Resources */,
			);
			buildRules = (
			);
			dependencies = (
			);
			name = CrizzleCamera;
			productName = CrizzleCamera;
			productReference = 05B19CDC2A5255A600BFC721 /* CrizzleCamera.app */;
			productType = "com.apple.product-type.application";
		};
		05B19CF02A5255A700BFC721 /* CrizzleCameraTests */ = {
			isa = PBXNativeTarget;
			buildConfigurationList = 05B19D082A5255A700BFC721 /* Build configuration list for PBXNativeTarget "CrizzleCameraTests" */;
			buildPhases = (
				05B19CED2A5255A700BFC721 /* Sources */,
				05B19CEE2A5255A700BFC721 /* Frameworks */,
				05B19CEF2A5255A700BFC721 /* Resources */,
			);
			buildRules = (
			);
			dependencies = (
				05B19CF32A5255A700BFC721 /* PBXTargetDependency */,
			);
			name = CrizzleCameraTests;
			productName = CrizzleCameraTests;
			productReference = 05B19CF12A5255A700BFC721 /* CrizzleCameraTests.xctest */;
			productType = "com.apple.product-type.bundle.unit-test";
		};
		05B19CFA2A5255A700BFC721 /* CrizzleCameraUITests */ = {
			isa = PBXNativeTarget;
			buildConfigurationList = 05B19D0B2A5255A700BFC721 /* Build configuration list for PBXNativeTarget "CrizzleCameraUITests" */;
			buildPhases = (
				05B19CF72A5255A700BFC721 /* Sources */,
				05B19CF82A5255A700BFC721 /* Frameworks */,
				05B19CF92A5255A700BFC721 /* Resources */,
			);
			buildRules = (
			);
			dependencies = (
				05B19CFD2A5255A700BFC721 /* PBXTargetDependency */,
			);
			name = CrizzleCameraUITests;
			productName = CrizzleCameraUITests;
			productReference = 05B19CFB2A5255A700BFC721 /* CrizzleCameraUITests.xctest */;
			productType = "com.apple.product-type.bundle.ui-testing";
		};
/* End PBXNativeTarget section */

/* Begin PBXProject section */
		05B19CD42A5255A600BFC721 /* Project object */ = {
			isa = PBXProject;
			attributes = {
				BuildIndependentTargetsInParallel = 1;
				LastSwiftUpdateCheck = 1430;
				LastUpgradeCheck = 1430;
				TargetAttributes = {
					05B19CDB2A5255A600BFC721 = {
						CreatedOnToolsVersion = 14.3;
					};
					05B19CF02A5255A700BFC721 = {
						CreatedOnToolsVersion = 14.3;
						TestTargetID = 05B19CDB2A5255A600BFC721;
					};
					05B19CFA2A5255A700BFC721 = {
						CreatedOnToolsVersion = 14.3;
						TestTargetID = 05B19CDB2A5255A600BFC721;
					};
				};
			};
			buildConfigurationList = 05B19CD72A5255A600BFC721 /* Build configuration list for PBXProject "CrizzleCamera" */;
			compatibilityVersion = "Xcode 14.0";
			developmentRegion = en;
			hasScannedForEncodings = 0;
			knownRegions = (
				en,
				Base,
			);
			mainGroup = 05B19CD32A5255A600BFC721;
			productRefGroup = 05B19CDD2A5255A600BFC721 /* Products */;
			projectDirPath = "";
			projectRoot = "";
			targets = (
				05B19CDB2A5255A600BFC721 /* CrizzleCamera */,
				05B19CF02A5255A700BFC721 /* CrizzleCameraTests */,
				05B19CFA2A5255A700BFC721 /* CrizzleCameraUITests */,
			);
		};
/* End PBXProject section */

/* Begin PBXResourcesBuildPhase section */
		05B19CDA2A5255A600BFC721 /* Resources */ = {
			isa = PBXResourcesBuildPhase;
			buildActionMask = 2147483647;
			files = (
				05B19CE72A5255A700BFC721 /* Preview Assets.xcassets in Resources */,
				05B19CE42A5255A700BFC721 /* Assets.xcassets in Resources */,
			);
			runOnlyForDeploymentPostprocessing = 0;
		};
		05B19CEF2A5255A700BFC721 /* Resources */ = {
			isa = PBXResourcesBuildPhase;
			buildActionMask = 2147483647;
			files = (
			);
			runOnlyForDeploymentPostprocessing = 0;
		};
		05B19CF92A5255A700BFC721 /* Resources */ = {
			isa = PBXResourcesBuildPhase;
			buildActionMask = 2147483647;
			files = (
			);
			runOnlyForDeploymentPostprocessing = 0;
		};
/* End PBXResourcesBuildPhase section */

/* Begin PBXSourcesBuildPhase section */
		05B19CD82A5255A600BFC721 /* Sources */ = {
			isa = PBXSourcesBuildPhase;
			buildActionMask = 2147483647;
			files = (
				05B19CE92A5255A700BFC721 /* Persistence.swift in Sources */,
				05C47AEC2A55017100B9148D /* LandingPageView.swift in Sources */,
				05C47AF02A550A7700B9148D /* ContentView.swift in Sources */,
				05B19CEC2A5255A700BFC721 /* CrizzleCamera.xcdatamodeld in Sources */,
				05B19D0F2A5255F400BFC721 /* CameraView.swift in Sources */,
				05B19CE02A5255A600BFC721 /* CrizzleCameraApp.swift in Sources */,
			);
			runOnlyForDeploymentPostprocessing = 0;
		};
		05B19CED2A5255A700BFC721 /* Sources */ = {
			isa = PBXSourcesBuildPhase;
			buildActionMask = 2147483647;
			files = (
				05B19CF62A5255A700BFC721 /* CrizzleCameraTests.swift in Sources */,
			);
			runOnlyForDeploymentPostprocessing = 0;
		};
		05B19CF72A5255A700BFC721 /* Sources */ = {
			isa = PBXSourcesBuildPhase;
			buildActionMask = 2147483647;
			files = (
				05B19D002A5255A700BFC721 /* CrizzleCameraUITests.swift in Sources */,
				05B19D022A5255A700BFC721 /* CrizzleCameraUITestsLaunchTests.swift in Sources */,
			);
			runOnlyForDeploymentPostprocessing = 0;
		};
/* End PBXSourcesBuildPhase section */

/* Begin PBXTargetDependency section */
		05B19CF32A5255A700BFC721 /* PBXTargetDependency */ = {
			isa = PBXTargetDependency;
			target = 05B19CDB2A5255A600BFC721 /* CrizzleCamera */;
			targetProxy = 05B19CF22A5255A700BFC721 /* PBXContainerItemProxy */;
		};
		05B19CFD2A5255A700BFC721 /* PBXTargetDependency */ = {
			isa = PBXTargetDependency;
			target = 05B19CDB2A5255A600BFC721 /* CrizzleCamera */;
			targetProxy = 05B19CFC2A5255A700BFC721 /* PBXContainerItemProxy */;
		};
/* End PBXTargetDependency section */

/* Begin XCBuildConfiguration section */
		05B19D032A5255A700BFC721 /* Debug */ = {
			isa = XCBuildConfiguration;
			buildSettings = {
				ALWAYS_SEARCH_USER_PATHS = NO;
				CLANG_ANALYZER_NONNULL = YES;
				CLANG_ANALYZER_NUMBER_OBJECT_CONVERSION = YES_AGGRESSIVE;
				CLANG_CXX_LANGUAGE_STANDARD = "gnu++20";
				CLANG_ENABLE_MODULES = YES;
				CLANG_ENABLE_OBJC_ARC = YES;
				CLANG_ENABLE_OBJC_WEAK = YES;
				CLANG_WARN_BLOCK_CAPTURE_AUTORELEASING = YES;
				CLANG_WARN_BOOL_CONVERSION = YES;
				CLANG_WARN_COMMA = YES;
				CLANG_WARN_CONSTANT_CONVERSION = YES;
				CLANG_WARN_DEPRECATED_OBJC_IMPLEMENTATIONS = YES;
				CLANG_WARN_DIRECT_OBJC_ISA_USAGE = YES_ERROR;
				CLANG_WARN_DOCUMENTATION_COMMENTS = YES;
				CLANG_WARN_EMPTY_BODY = YES;
				CLANG_WARN_ENUM_CONVERSION = YES;
				CLANG_WARN_INFINITE_RECURSION = YES;
				CLANG_WARN_INT_CONVERSION = YES;
				CLANG_WARN_NON_LITERAL_NULL_CONVERSION = YES;
				CLANG_WARN_OBJC_IMPLICIT_RETAIN_SELF = YES;
				CLANG_WARN_OBJC_LITERAL_CONVERSION = YES;
				CLANG_WARN_OBJC_ROOT_CLASS = YES_ERROR;
				CLANG_WARN_QUOTED_INCLUDE_IN_FRAMEWORK_HEADER = YES;
				CLANG_WARN_RANGE_LOOP_ANALYSIS = YES;
				CLANG_WARN_STRICT_PROTOTYPES = YES;
				CLANG_WARN_SUSPICIOUS_MOVE = YES;
				CLANG_WARN_UNGUARDED_AVAILABILITY = YES_AGGRESSIVE;
				CLANG_WARN_UNREACHABLE_CODE = YES;
				CLANG_WARN__DUPLICATE_METHOD_MATCH = YES;
				COPY_PHASE_STRIP = NO;
				DEBUG_INFORMATION_FORMAT = dwarf;
				ENABLE_STRICT_OBJC_MSGSEND = YES;
				ENABLE_TESTABILITY = YES;
				GCC_C_LANGUAGE_STANDARD = gnu11;
				GCC_DYNAMIC_NO_PIC = NO;
				GCC_NO_COMMON_BLOCKS = YES;
				GCC_OPTIMIZATION_LEVEL = 0;
				GCC_PREPROCESSOR_DEFINITIONS = (
					"DEBUG=1",
					"$(inherited)",
				);
				GCC_WARN_64_TO_32_BIT_CONVERSION = YES;
				GCC_WARN_ABOUT_RETURN_TYPE = YES_ERROR;
				GCC_WARN_UNDECLARED_SELECTOR = YES;
				GCC_WARN_UNINITIALIZED_AUTOS = YES_AGGRESSIVE;
				GCC_WARN_UNUSED_FUNCTION = YES;
				GCC_WARN_UNUSED_VARIABLE = YES;
				IPHONEOS_DEPLOYMENT_TARGET = 16.4;
				MTL_ENABLE_DEBUG_INFO = INCLUDE_SOURCE;
				MTL_FAST_MATH = YES;
				ONLY_ACTIVE_ARCH = YES;
				SDKROOT = iphoneos;
				SWIFT_ACTIVE_COMPILATION_CONDITIONS = DEBUG;
				SWIFT_OPTIMIZATION_LEVEL = "-Onone";
			};
			name = Debug;
		};
		05B19D042A5255A700BFC721 /* Release */ = {
			isa = XCBuildConfiguration;
			buildSettings = {
				ALWAYS_SEARCH_USER_PATHS = NO;
				CLANG_ANALYZER_NONNULL = YES;
				CLANG_ANALYZER_NUMBER_OBJECT_CONVERSION = YES_AGGRESSIVE;
				CLANG_CXX_LANGUAGE_STANDARD = "gnu++20";
				CLANG_ENABLE_MODULES = YES;
				CLANG_ENABLE_OBJC_ARC = YES;
				CLANG_ENABLE_OBJC_WEAK = YES;
				CLANG_WARN_BLOCK_CAPTURE_AUTORELEASING = YES;
				CLANG_WARN_BOOL_CONVERSION = YES;
				CLANG_WARN_COMMA = YES;
				CLANG_WARN_CONSTANT_CONVERSION = YES;
				CLANG_WARN_DEPRECATED_OBJC_IMPLEMENTATIONS = YES;
				CLANG_WARN_DIRECT_OBJC_ISA_USAGE = YES_ERROR;
				CLANG_WARN_DOCUMENTATION_COMMENTS = YES;
				CLANG_WARN_EMPTY_BODY = YES;
				CLANG_WARN_ENUM_CONVERSION = YES;
				CLANG_WARN_INFINITE_RECURSION = YES;
				CLANG_WARN_INT_CONVERSION = YES;
				CLANG_WARN_NON_LITERAL_NULL_CONVERSION = YES;
				CLANG_WARN_OBJC_IMPLICIT_RETAIN_SELF = YES;
				CLANG_WARN_OBJC_LITERAL_CONVERSION = YES;
				CLANG_WARN_OBJC_ROOT_CLASS = YES_ERROR;
				CLANG_WARN_QUOTED_INCLUDE_IN_FRAMEWORK_HEADER = YES;
				CLANG_WARN_RANGE_LOOP_ANALYSIS = YES;
				CLANG_WARN_STRICT_PROTOTYPES = YES;
				CLANG_WARN_SUSPICIOUS_MOVE = YES;
				CLANG_WARN_UNGUARDED_AVAILABILITY = YES_AGGRESSIVE;
				CLANG_WARN_UNREACHABLE_CODE = YES;
				CLANG_WARN__DUPLICATE_METHOD_MATCH = YES;
				COPY_PHASE_STRIP = NO;
				DEBUG_INFORMATION_FORMAT = "dwarf-with-dsym";
				ENABLE_NS_ASSERTIONS = NO;
				ENABLE_STRICT_OBJC_MSGSEND = YES;
				GCC_C_LANGUAGE_STANDARD = gnu11;
				GCC_NO_COMMON_BLOCKS = YES;
				GCC_WARN_64_TO_32_BIT_CONVERSION = YES;
				GCC_WARN_ABOUT_RETURN_TYPE = YES_ERROR;
				GCC_WARN_UNDECLARED_SELECTOR = YES;
				GCC_WARN_UNINITIALIZED_AUTOS = YES_AGGRESSIVE;
				GCC_WARN_UNUSED_FUNCTION = YES;
				GCC_WARN_UNUSED_VARIABLE = YES;
				IPHONEOS_DEPLOYMENT_TARGET = 16.4;
				MTL_ENABLE_DEBUG_INFO = NO;
				MTL_FAST_MATH = YES;
				SDKROOT = iphoneos;
				SWIFT_COMPILATION_MODE = wholemodule;
				SWIFT_OPTIMIZATION_LEVEL = "-O";
				VALIDATE_PRODUCT = YES;
			};
			name = Release;
		};
		05B19D062A5255A700BFC721 /* Debug */ = {
			isa = XCBuildConfiguration;
			buildSettings = {
				ASSETCATALOG_COMPILER_APPICON_NAME = AppIcon;
				ASSETCATALOG_COMPILER_GLOBAL_ACCENT_COLOR_NAME = AccentColor;
				CODE_SIGN_STYLE = Automatic;
				CURRENT_PROJECT_VERSION = 1;
				DEVELOPMENT_ASSET_PATHS = "\"CrizzleCamera/Preview Content\"";
				ENABLE_PREVIEWS = YES;
				GENERATE_INFOPLIST_FILE = YES;
				INFOPLIST_KEY_UIApplicationSceneManifest_Generation = YES;
				INFOPLIST_KEY_UIApplicationSupportsIndirectInputEvents = YES;
				INFOPLIST_KEY_UILaunchScreen_Generation = YES;
				INFOPLIST_KEY_UISupportedInterfaceOrientations_iPad = "UIInterfaceOrientationPortrait UIInterfaceOrientationPortraitUpsideDown UIInterfaceOrientationLandscapeLeft UIInterfaceOrientationLandscapeRight";
				INFOPLIST_KEY_UISupportedInterfaceOrientations_iPhone = "UIInterfaceOrientationPortrait UIInterfaceOrientationLandscapeLeft UIInterfaceOrientationLandscapeRight";
				LD_RUNPATH_SEARCH_PATHS = (
					"$(inherited)",
					"@executable_path/Frameworks",
				);
				MARKETING_VERSION = 1.0;
				PRODUCT_BUNDLE_IDENTIFIER = FilTrace.CrizzleCamera;
				PRODUCT_NAME = "$(TARGET_NAME)";
				SWIFT_EMIT_LOC_STRINGS = YES;
				SWIFT_VERSION = 5.0;
				TARGETED_DEVICE_FAMILY = "1,2";
			};
			name = Debug;
		};
		05B19D072A5255A700BFC721 /* Release */ = {
			isa = XCBuildConfiguration;
			buildSettings = {
				ASSETCATALOG_COMPILER_APPICON_NAME = AppIcon;
				ASSETCATALOG_COMPILER_GLOBAL_ACCENT_COLOR_NAME = AccentColor;
				CODE_SIGN_STYLE = Automatic;
				CURRENT_PROJECT_VERSION = 1;
				DEVELOPMENT_ASSET_PATHS = "\"CrizzleCamera/Preview Content\"";
				DEVELOPMENT_TEAM = 77AR89XZQC;
				ENABLE_PREVIEWS = YES;
				GENERATE_INFOPLIST_FILE = YES;
				INFOPLIST_KEY_UIApplicationSceneManifest_Generation = YES;
				INFOPLIST_KEY_UIApplicationSupportsIndirectInputEvents = YES;
				INFOPLIST_KEY_UILaunchScreen_Generation = YES;
				INFOPLIST_KEY_UISupportedInterfaceOrientations_iPad = "UIInterfaceOrientationPortrait UIInterfaceOrientationPortraitUpsideDown UIInterfaceOrientationLandscapeLeft UIInterfaceOrientationLandscapeRight";
				INFOPLIST_KEY_UISupportedInterfaceOrientations_iPhone = "UIInterfaceOrientationPortrait UIInterfaceOrientationLandscapeLeft UIInterfaceOrientationLandscapeRight";
				LD_RUNPATH_SEARCH_PATHS = (
					"$(inherited)",
					"@executable_path/Frameworks",
				);
				MARKETING_VERSION = 1.0;
				PRODUCT_BUNDLE_IDENTIFIER = FilTrace.CrizzleCamera;
				PRODUCT_NAME = "$(TARGET_NAME)";
				SWIFT_EMIT_LOC_STRINGS = YES;
				SWIFT_VERSION = 5.0;
				TARGETED_DEVICE_FAMILY = "1,2";
			};
			name = Release;
		};
		05B19D092A5255A700BFC721 /* Debug */ = {
			isa = XCBuildConfiguration;
			buildSettings = {
				ALWAYS_EMBED_SWIFT_STANDARD_LIBRARIES = YES;
				BUNDLE_LOADER = "$(TEST_HOST)";
				CODE_SIGN_STYLE = Automatic;
				CURRENT_PROJECT_VERSION = 1;
				GENERATE_INFOPLIST_FILE = YES;
				IPHONEOS_DEPLOYMENT_TARGET = 16.4;
				MARKETING_VERSION = 1.0;
				PRODUCT_BUNDLE_IDENTIFIER = FilTrace.CrizzleCameraTests;
				PRODUCT_NAME = "$(TARGET_NAME)";
				SWIFT_EMIT_LOC_STRINGS = NO;
				SWIFT_VERSION = 5.0;
				TARGETED_DEVICE_FAMILY = "1,2";
				TEST_HOST = "$(BUILT_PRODUCTS_DIR)/CrizzleCamera.app/$(BUNDLE_EXECUTABLE_FOLDER_PATH)/CrizzleCamera";
			};
			name = Debug;
		};
		05B19D0A2A5255A700BFC721 /* Release */ = {
			isa = XCBuildConfiguration;
			buildSettings = {
				ALWAYS_EMBED_SWIFT_STANDARD_LIBRARIES = YES;
				BUNDLE_LOADER = "$(TEST_HOST)";
				CODE_SIGN_STYLE = Automatic;
				CURRENT_PROJECT_VERSION = 1;
				DEVELOPMENT_TEAM = 77AR89XZQC;
				GENERATE_INFOPLIST_FILE = YES;
				IPHONEOS_DEPLOYMENT_TARGET = 16.4;
				MARKETING_VERSION = 1.0;
				PRODUCT_BUNDLE_IDENTIFIER = FilTrace.CrizzleCameraTests;
				PRODUCT_NAME = "$(TARGET_NAME)";
				SWIFT_EMIT_LOC_STRINGS = NO;
				SWIFT_VERSION = 5.0;
				TARGETED_DEVICE_FAMILY = "1,2";
				TEST_HOST = "$(BUILT_PRODUCTS_DIR)/CrizzleCamera.app/$(BUNDLE_EXECUTABLE_FOLDER_PATH)/CrizzleCamera";
			};
			name = Release;
		};
		05B19D0C2A5255A700BFC721 /* Debug */ = {
			isa = XCBuildConfiguration;
			buildSettings = {
				ALWAYS_EMBED_SWIFT_STANDARD_LIBRARIES = YES;
				CODE_SIGN_STYLE = Automatic;
				CURRENT_PROJECT_VERSION = 1;
				GENERATE_INFOPLIST_FILE = YES;
				MARKETING_VERSION = 1.0;
				PRODUCT_BUNDLE_IDENTIFIER = FilTrace.CrizzleCameraUITests;
				PRODUCT_NAME = "$(TARGET_NAME)";
				SWIFT_EMIT_LOC_STRINGS = NO;
				SWIFT_VERSION = 5.0;
				TARGETED_DEVICE_FAMILY = "1,2";
				TEST_TARGET_NAME = CrizzleCamera;
			};
			name = Debug;
		};
		05B19D0D2A5255A700BFC721 /* Release */ = {
			isa = XCBuildConfiguration;
			buildSettings = {
				ALWAYS_EMBED_SWIFT_STANDARD_LIBRARIES = YES;
				CODE_SIGN_STYLE = Automatic;
				CURRENT_PROJECT_VERSION = 1;
				DEVELOPMENT_TEAM = 77AR89XZQC;
				GENERATE_INFOPLIST_FILE = YES;
				MARKETING_VERSION = 1.0;
				PRODUCT_BUNDLE_IDENTIFIER = FilTrace.CrizzleCameraUITests;
				PRODUCT_NAME = "$(TARGET_NAME)";
				SWIFT_EMIT_LOC_STRINGS = NO;
				SWIFT_VERSION = 5.0;
				TARGETED_DEVICE_FAMILY = "1,2";
				TEST_TARGET_NAME = CrizzleCamera;
			};
			name = Release;
		};
/* End XCBuildConfiguration section */

/* Begin XCConfigurationList section */
		05B19CD72A5255A600BFC721 /* Build configuration list for PBXProject "CrizzleCamera" */ = {
			isa = XCConfigurationList;
			buildConfigurations = (
				05B19D032A5255A700BFC721 /* Debug */,
				05B19D042A5255A700BFC721 /* Release */,
			);
			defaultConfigurationIsVisible = 0;
			defaultConfigurationName = Release;
		};
		05B19D052A5255A700BFC721 /* Build configuration list for PBXNativeTarget "CrizzleCamera" */ = {
			isa = XCConfigurationList;
			buildConfigurations = (
				05B19D062A5255A700BFC721 /* Debug */,
				05B19D072A5255A700BFC721 /* Release */,
			);
			defaultConfigurationIsVisible = 0;
			defaultConfigurationName = Release;
		};
		05B19D082A5255A700BFC721 /* Build configuration list for PBXNativeTarget "CrizzleCameraTests" */ = {
			isa = XCConfigurationList;
			buildConfigurations = (
				05B19D092A5255A700BFC721 /* Debug */,
				05B19D0A2A5255A700BFC721 /* Release */,
			);
			defaultConfigurationIsVisible = 0;
			defaultConfigurationName = Release;
		};
		05B19D0B2A5255A700BFC721 /* Build configuration list for PBXNativeTarget "CrizzleCameraUITests" */ = {
			isa = XCConfigurationList;
			buildConfigurations = (
				05B19D0C2A5255A700BFC721 /* Debug */,
				05B19D0D2A5255A700BFC721 /* Release */,
			);
			defaultConfigurationIsVisible = 0;
			defaultConfigurationName = Release;
		};
/* End XCConfigurationList section */

/* Begin XCVersionGroup section */
		05B19CEA2A5255A700BFC721 /* CrizzleCamera.xcdatamodeld */ = {
			isa = XCVersionGroup;
			children = (
				05B19CEB2A5255A700BFC721 /* CrizzleCamera.xcdatamodel */,
			);
			currentVersion = 05B19CEB2A5255A700BFC721 /* CrizzleCamera.xcdatamodel */;
			path = CrizzleCamera.xcdatamodeld;
			sourceTree = "<group>";
			versionGroupType = wrapper.xcdatamodel;
		};
/* End XCVersionGroup section */
	};
	rootObject = 05B19CD42A5255A600BFC721 /* Project object */;
}
